# This file was autogenerated by Stack.
# You should not edit this file by hand.
# For more information, please see the documentation at:
#   https://docs.haskellstack.org/en/stable/lock_files

packages:
- completed:
    hackage: digestive-functors-0.8.4.2@sha256:badff1797b6dcd860a48ed4558985b2f6bec501e1016fa5afd9d7d6b0d8e4c08,3364
    pantry-tree:
      size: 1682
      sha256: 53ce82c7f0c60c10009b1b764b537117a4ab402bbe1a147fba5ad2263acb3025
  original:
    hackage: digestive-functors-0.8.4.2
- completed:
    hackage: digestive-functors-blaze-0.6.2.0@sha256:3aae259265b8517fb7efe2a7681d846e01f52c22f49f193aff550a1630f182d0,841
    pantry-tree:
      size: 289
      sha256: 2584d35cf054e3daa2f961d7b68e1c0bafd68f99284c4e76509fc455a0380315
  original:
    hackage: digestive-functors-blaze-0.6.2.0
- completed:
    hackage: Spock-0.14.0.0@sha256:7e86ccc9e66ce0fdb84d1dcd328f852d3754c2dbfcb60d0e7e2f1cce2f32f177,3681
    pantry-tree:
      size: 1118
      sha256: 6829dae9ba2492fae3e447afe13013dd863bd48fd5b8addfa74fc55d979de7b2
  original:
    hackage: Spock-0.14.0.0
- completed:
    hackage: Spock-core-0.14.0.0@sha256:b55935c2c2a259a9966999239ee6ec5e41f7d933a58baade687ffa4b4a46fe32,3457
    pantry-tree:
      size: 1113
      sha256: c89cd43f14dd0cc960627f13e5bbc027172f0be85f277f998f06266d48ab8367
  original:
    hackage: Spock-core-0.14.0.0
- completed:
    hackage: Spock-digestive-0.3.0.0@sha256:b06b757c37a176d849f5eba5698d58c320660887e57f25399d050d864e152b4d,1271
    pantry-tree:
      size: 274
      sha256: e88cc585c7577bd02547a3ff296db950138b1bac7609a395d0241424759778d5
  original:
    hackage: Spock-digestive-0.3.0.0
- completed:
    hackage: reroute-0.6.0.0@sha256:43805b3fdc7ed1ba701cd10e249abc997b2291c8f374b8333bb2ea0e0d1dad0b,2382
    pantry-tree:
      size: 660
      sha256: 0a27afabb1730147d6aa0ddf5cc6368951c4625e3706cb8f5388da9739372fa3
  original:
    hackage: reroute-0.6.0.0
- completed:
    hackage: users-0.5.0.0@sha256:3be103def66a936c7cd20b79a185183a1bf005fa13179f9edd02d769e67946f4,1945
    pantry-tree:
      size: 212
      sha256: a4b8e653bd63e2262a213ce28c0048762a7659fa18fb7a72a7b71946f4271d51
  original:
    hackage: users-0.5.0.0
- completed:
    hackage: users-postgresql-simple-0.5.0.2@sha256:bf50371b46115c88bcc86e83118b0da4c2df1c6a3617f29d7f3d856896005020,2357
    pantry-tree:
      size: 288
      sha256: ced56c48ffeee2ae5c4c616648142ece3d0711876382ba559fd5b68246dd3954
  original:
    hackage: users-postgresql-simple-0.5.0.2
- completed:
    hackage: random-1.2.0@sha256:30d72df4cc1d2fe2d445c88f0ee9d21965af7ce86660c43a6c32a6a1d90d51c9,6094
    pantry-tree:
      size: 1259
      sha256: 92b5a834ba603ee4d006968a75847f4fd93a566b8a96e1b463b8229f8ce9961d
  original:
    hackage: random-1.2.0
- completed:
    hackage: mwc-random-0.15.0.1@sha256:48e4b01a7447671b8bd13957de65f19ef41ee0376083c0c501e179e68768276a,3372
    pantry-tree:
      size: 721
      sha256: bc1d61a2709496ebb5e2d7245433bc176e931be090c3260154702c06c7899546
  original:
    hackage: mwc-random-0.15.0.1
- completed:
    hackage: hmatrix-0.19.0.0@sha256:7f13a15f64122ff12e67b79ca427764125dfe8057c55ae84b3ba3b43e1adbdf8,5040
    pantry-tree:
      size: 2228
      sha256: fda226d8bbc8a65f710c87cbd68e5e5e71599d8a7e75b8812861966bea357d59
  original:
    hackage: hmatrix-0.19.0.0
snapshots:
- completed:
    size: 567037
    url: https://raw.githubusercontent.com/commercialhaskell/stackage-snapshots/master/lts/17/9.yaml
    sha256: d7d8d5106e53d1669964bd8bd2b0f88a5ad192d772f5376384b76738fd992311
  original: lts-17.9
